{
  "requires": true,
  "lockfileVersion": 1,
  "dependencies": {
    "@angular/animations": {
      "version": "6.1.9",
      "resolved": "https://registry.npmjs.org/@angular/animations/-/animations-6.1.9.tgz",
      "integrity": "sha512-bPl5fNn4ja1S2Bn4xRT93wYqx0KjvZrX1FjpQltkf9dMmAdVpYj7spy+eYgClAMfZMWv7pa70F+FtSDkWbgRsA==",
      "requires": {
        "tslib": "1.9.3"
      }
    },
    "@angular/cdk": {
      "version": "6.4.7",
      "resolved": "https://registry.npmjs.org/@angular/cdk/-/cdk-6.4.7.tgz",
      "integrity": "sha512-18x0U66fLD5kGQWZ9n3nb75xQouXlWs7kUDaTd8HTrHpT1s2QIAqlLd1KxfrYiVhsEC2jPQaoiae7VnBlcvkBg==",
      "requires": {
        "tslib": "1.9.3"
      }
    },
    "@angular/material": {
      "version": "6.4.7",
      "resolved": "https://registry.npmjs.org/@angular/material/-/material-6.4.7.tgz",
      "integrity": "sha512-SdNx7Xovi24Kw9eU6lkLhY/7f2M7L9F+/uh6XuPr4jbGgCUVVpeeVI5ztZhsZRbj1sN+/r1p5w8u62apWWl5Ww==",
      "requires": {
        "parse5": "5.1.0",
        "tslib": "1.9.3"
      }
    },
    "parse5": {
      "version": "5.1.0",
      "resolved": "https://registry.npmjs.org/parse5/-/parse5-5.1.0.tgz",
      "integrity": "sha512-fxNG2sQjHvlVAYmzBZS9YlDp6PTSSDwa98vkD4QgVDDCAo84z5X1t5XyJQ62ImdLXx5NdIIfihey6xpum9/gRQ==",
      "optional": true
    },
    "tslib": {
      "version": "1.9.3",
      "resolved": "https://registry.npmjs.org/tslib/-/tslib-1.9.3.tgz",
      "integrity": "sha512-4krF8scpejhaOgqzBEcGM7yDIEfi0/8+8zDRZhNZZ2kjmHJ4hv3zCbQWxoJGz1iw5U0Jl0nma13xzHXcncMavQ=="
    }
  }
}
